
Microsoft Visual Studio Solution File, Format Version 12.00
# Visual Studio 2013
VisualStudioVersion = 12.0.30501.0
MinimumVisualStudioVersion = 10.0.40219.1
Project("{2150E333-8FDC-42A3-9474-1A3956D46DE8}") = "Database", "Database", "{9CFBE092-BE54-4207-B01F-837F35602A99}"
EndProject
Project("{2150E333-8FDC-42A3-9474-1A3956D46DE8}") = "Common", "Common", "{C61FB75E-95A1-4125-83E8-E78C3F15C35F}"
EndProject
Project("{2150E333-8FDC-42A3-9474-1A3956D46DE8}") = "Web", "Web", "{69D58033-7A5B-4294-B6B5-E3F69100FA2F}"
EndProject
Project("{FAE04EC0-301F-11D3-BF4B-00C04F79EFBC}") = "Application.Models", "Application.Models\Application.Models.csproj", "{18ED1E74-D959-4C90-B478-3FE80FA27C24}"
EndProject
Project("{FAE04EC0-301F-11D3-BF4B-00C04F79EFBC}") = "Application.Data", "Application.Data\Application.Data.csproj", "{5EF79A62-649D-4292-A129-C614037B19AB}"
EndProject
Project("{FAE04EC0-301F-11D3-BF4B-00C04F79EFBC}") = "Application.Common", "Application.Common\Application.Common.csproj", "{DD8AFEBB-FB42-4088-940D-9298B9477F3B}"
EndProject
Project("{FAE04EC0-301F-11D3-BF4B-00C04F79EFBC}") = "Application.Infrastructure", "Application.Infrastructure\Application.Infrastructure.csproj", "{8A420D72-CFF6-43B3-A4A2-4829DCED9C2F}"
EndProject
Project("{FAE04EC0-301F-11D3-BF4B-00C04F79EFBC}") = "Application.Web", "Application.Web\Application.Web.csproj", "{66BAF5B1-BC6B-4782-96AF-14DF17EE7089}"
EndProject
Project("{2150E333-8FDC-42A3-9474-1A3956D46DE8}") = "ToDo", "ToDo", "{3CAD2B70-7923-4C0A-95B3-F56E1F6B8E10}"
	ProjectSection(SolutionItems) = preProject
		ToDoList.txt = ToDoList.txt
	EndProjectSection
EndProject
Global
	GlobalSection(SolutionConfigurationPlatforms) = preSolution
		Debug|Any CPU = Debug|Any CPU
		Release|Any CPU = Release|Any CPU
	EndGlobalSection
	GlobalSection(ProjectConfigurationPlatforms) = postSolution
		{18ED1E74-D959-4C90-B478-3FE80FA27C24}.Debug|Any CPU.ActiveCfg = Debug|Any CPU
		{18ED1E74-D959-4C90-B478-3FE80FA27C24}.Debug|Any CPU.Build.0 = Debug|Any CPU
		{18ED1E74-D959-4C90-B478-3FE80FA27C24}.Release|Any CPU.ActiveCfg = Release|Any CPU
		{18ED1E74-D959-4C90-B478-3FE80FA27C24}.Release|Any CPU.Build.0 = Release|Any CPU
		{5EF79A62-649D-4292-A129-C614037B19AB}.Debug|Any CPU.ActiveCfg = Debug|Any CPU
		{5EF79A62-649D-4292-A129-C614037B19AB}.Debug|Any CPU.Build.0 = Debug|Any CPU
		{5EF79A62-649D-4292-A129-C614037B19AB}.Release|Any CPU.ActiveCfg = Release|Any CPU
		{5EF79A62-649D-4292-A129-C614037B19AB}.Release|Any CPU.Build.0 = Release|Any CPU
		{DD8AFEBB-FB42-4088-940D-9298B9477F3B}.Debug|Any CPU.ActiveCfg = Debug|Any CPU
		{DD8AFEBB-FB42-4088-940D-9298B9477F3B}.Debug|Any CPU.Build.0 = Debug|Any CPU
		{DD8AFEBB-FB42-4088-940D-9298B9477F3B}.Release|Any CPU.ActiveCfg = Release|Any CPU
		{DD8AFEBB-FB42-4088-940D-9298B9477F3B}.Release|Any CPU.Build.0 = Release|Any CPU
		{8A420D72-CFF6-43B3-A4A2-4829DCED9C2F}.Debug|Any CPU.ActiveCfg = Debug|Any CPU
		{8A420D72-CFF6-43B3-A4A2-4829DCED9C2F}.Debug|Any CPU.Build.0 = Debug|Any CPU
		{8A420D72-CFF6-43B3-A4A2-4829DCED9C2F}.Release|Any CPU.ActiveCfg = Release|Any CPU
		{8A420D72-CFF6-43B3-A4A2-4829DCED9C2F}.Release|Any CPU.Build.0 = Release|Any CPU
		{66BAF5B1-BC6B-4782-96AF-14DF17EE7089}.Debug|Any CPU.ActiveCfg = Debug|Any CPU
		{66BAF5B1-BC6B-4782-96AF-14DF17EE7089}.Debug|Any CPU.Build.0 = Debug|Any CPU
		{66BAF5B1-BC6B-4782-96AF-14DF17EE7089}.Release|Any CPU.ActiveCfg = Release|Any CPU
		{66BAF5B1-BC6B-4782-96AF-14DF17EE7089}.Release|Any CPU.Build.0 = Release|Any CPU
	EndGlobalSection
	GlobalSection(SolutionProperties) = preSolution
		HideSolutionNode = FALSE
	EndGlobalSection
	GlobalSection(NestedProjects) = preSolution
		{18ED1E74-D959-4C90-B478-3FE80FA27C24} = {9CFBE092-BE54-4207-B01F-837F35602A99}
		{5EF79A62-649D-4292-A129-C614037B19AB} = {9CFBE092-BE54-4207-B01F-837F35602A99}
		{DD8AFEBB-FB42-4088-940D-9298B9477F3B} = {C61FB75E-95A1-4125-83E8-E78C3F15C35F}
		{8A420D72-CFF6-43B3-A4A2-4829DCED9C2F} = {69D58033-7A5B-4294-B6B5-E3F69100FA2F}
		{66BAF5B1-BC6B-4782-96AF-14DF17EE7089} = {69D58033-7A5B-4294-B6B5-E3F69100FA2F}
	EndGlobalSection
EndGlobal
